
Microsoft Visual Studio Solution File, Format Version 12.00
# Visual Studio Version 17
VisualStudioVersion = 17.3.32901.215
MinimumVisualStudioVersion = 10.0.40219.1
Project("{FAE04EC0-301F-11D3-BF4B-00C04F79EFBC}") = "Opdracht4", "Opdracht4\Opdracht4.csproj", "{2EF238E1-8DBF-4087-872A-CCF812EC995E}"
EndProject
Global
	GlobalSection(SolutionConfigurationPlatforms) = preSolution
		Debug|Any CPU = Debug|Any CPU
		Release|Any CPU = Release|Any CPU
	EndGlobalSection
	GlobalSection(ProjectConfigurationPlatforms) = postSolution
		{2EF238E1-8DBF-4087-872A-CCF812EC995E}.Debug|Any CPU.ActiveCfg = Debug|Any CPU
		{2EF238E1-8DBF-4087-872A-CCF812EC995E}.Debug|Any CPU.Build.0 = Debug|Any CPU
		{2EF238E1-8DBF-4087-872A-CCF812EC995E}.Release|Any CPU.ActiveCfg = Release|Any CPU
		{2EF238E1-8DBF-4087-872A-CCF812EC995E}.Release|Any CPU.Build.0 = Release|Any CPU
	EndGlobalSection
	GlobalSection(SolutionProperties) = preSolution
		HideSolutionNode = FALSE
	EndGlobalSection
	GlobalSection(ExtensibilityGlobals) = postSolution
		SolutionGuid = {AD2B8690-5156-4AE4-BDB3-9302594ABF83}
	EndGlobalSection
EndGlobal
